
Microsoft Visual Studio Solution File, Format Version 12.00
# Visual Studio Version 16
VisualStudioVersion = 16.0.30907.101
MinimumVisualStudioVersion = 10.0.40219.1
Project("{FAE04EC0-301F-11D3-BF4B-00C04F79EFBC}") = "GuessWordProject", "GuessWordProject\GuessWordProject.csproj", "{071E42C0-ADAC-4C2A-A1D7-15BF9CA4E8A3}"
EndProject
Global
	GlobalSection(SolutionConfigurationPlatforms) = preSolution
		Debug|Any CPU = Debug|Any CPU
		Release|Any CPU = Release|Any CPU
	EndGlobalSection
	GlobalSection(ProjectConfigurationPlatforms) = postSolution
		{071E42C0-ADAC-4C2A-A1D7-15BF9CA4E8A3}.Debug|Any CPU.ActiveCfg = Debug|Any CPU
		{071E42C0-ADAC-4C2A-A1D7-15BF9CA4E8A3}.Debug|Any CPU.Build.0 = Debug|Any CPU
		{071E42C0-ADAC-4C2A-A1D7-15BF9CA4E8A3}.Release|Any CPU.ActiveCfg = Release|Any CPU
		{071E42C0-ADAC-4C2A-A1D7-15BF9CA4E8A3}.Release|Any CPU.Build.0 = Release|Any CPU
	EndGlobalSection
	GlobalSection(SolutionProperties) = preSolution
		HideSolutionNode = FALSE
	EndGlobalSection
	GlobalSection(ExtensibilityGlobals) = postSolution
		SolutionGuid = {75E14F55-A70C-46A4-B4FF-188AF18BEC0D}
	EndGlobalSection
EndGlobal
